// !$*UTF8*$!
{
	archiveVersion = 1;
	classes = {
	};
	objectVersion = 46;
	objects = {

/* Begin PBXBuildFile section */
		14A53D3059CBBFABDC858994 /* libPods.a in Frameworks */ = {isa = PBXBuildFile; fileRef = 7D43493A51EF2190C0804633 /* libPods.a */; };
		1755AF861CDDFF00003F659E /* main.m in Sources */ = {isa = PBXBuildFile; fileRef = 1755AF851CDDFF00003F659E /* main.m */; };
		1755AF891CDDFF00003F659E /* AppDelegate.m in Sources */ = {isa = PBXBuildFile; fileRef = 1755AF881CDDFF00003F659E /* AppDelegate.m */; };
		1755AF8C1CDDFF00003F659E /* ViewController.m in Sources */ = {isa = PBXBuildFile; fileRef = 1755AF8B1CDDFF00003F659E /* ViewController.m */; };
		1755AF8F1CDDFF00003F659E /* Main.storyboard in Resources */ = {isa = PBXBuildFile; fileRef = 1755AF8D1CDDFF00003F659E /* Main.storyboard */; };
		1755AF921CDDFF00003F659E /* News.xcdatamodeld in Sources */ = {isa = PBXBuildFile; fileRef = 1755AF901CDDFF00003F659E /* News.xcdatamodeld */; };
		1755AF941CDDFF00003F659E /* Assets.xcassets in Resources */ = {isa = PBXBuildFile; fileRef = 1755AF931CDDFF00003F659E /* Assets.xcassets */; };
		1755AF971CDDFF00003F659E /* LaunchScreen.storyboard in Resources */ = {isa = PBXBuildFile; fileRef = 1755AF951CDDFF00003F659E /* LaunchScreen.storyboard */; };
/* End PBXBuildFile section */

/* Begin PBXFileReference section */
		0227BFBEE3F2370F7E559C3D /* Pods.release.xcconfig */ = {isa = PBXFileReference; includeInIndex = 1; lastKnownFileType = text.xcconfig; name = Pods.release.xcconfig; path = "Pods/Target Support Files/Pods/Pods.release.xcconfig"; sourceTree = "<group>"; };
		1755AF811CDDFF00003F659E /* News.app */ = {isa = PBXFileReference; explicitFileType = wrapper.application; includeInIndex = 0; path = News.app; sourceTree = BUILT_PRODUCTS_DIR; };
		1755AF851CDDFF00003F659E /* main.m */ = {isa = PBXFileReference; lastKnownFileType = sourcecode.c.objc; path = main.m; sourceTree = "<group>"; };
		1755AF871CDDFF00003F659E /* AppDelegate.h */ = {isa = PBXFileReference; lastKnownFileType = sourcecode.c.h; path = AppDelegate.h; sourceTree = "<group>"; };
		1755AF881CDDFF00003F659E /* AppDelegate.m */ = {isa = PBXFileReference; lastKnownFileType = sourcecode.c.objc; path = AppDelegate.m; sourceTree = "<group>"; };
		1755AF8A1CDDFF00003F659E /* ViewController.h */ = {isa = PBXFileReference; lastKnownFileType = sourcecode.c.h; path = ViewController.h; sourceTree = "<group>"; };
		1755AF8B1CDDFF00003F659E /* ViewController.m */ = {isa = PBXFileReference; lastKnownFileType = sourcecode.c.objc; path = ViewController.m; sourceTree = "<group>"; };
		1755AF8E1CDDFF00003F659E /* Base */ = {isa = PBXFileReference; lastKnownFileType = file.storyboard; name = Base; path = Base.lproj/Main.storyboard; sourceTree = "<group>"; };
		1755AF911CDDFF00003F659E /* News.xcdatamodel */ = {isa = PBXFileReference; lastKnownFileType = wrapper.xcdatamodel; path = News.xcdatamodel; sourceTree = "<group>"; };
		1755AF931CDDFF00003F659E /* Assets.xcassets */ = {isa = PBXFileReference; lastKnownFileType = folder.assetcatalog; path = Assets.xcassets; sourceTree = "<group>"; };
		1755AF961CDDFF00003F659E /* Base */ = {isa = PBXFileReference; lastKnownFileType = file.storyboard; name = Base; path = Base.lproj/LaunchScreen.storyboard; sourceTree = "<group>"; };
		1755AF981CDDFF00003F659E /* Info.plist */ = {isa = PBXFileReference; lastKnownFileType = text.plist.xml; path = Info.plist; sourceTree = "<group>"; };
		7D43493A51EF2190C0804633 /* libPods.a */ = {isa = PBXFileReference; explicitFileType = archive.ar; includeInIndex = 0; path = libPods.a; sourceTree = BUILT_PRODUCTS_DIR; };
		9BB6CF7DEF67762CC6EEE151 /* Pods.debug.xcconfig */ = {isa = PBXFileReference; includeInIndex = 1; lastKnownFileType = text.xcconfig; name = Pods.debug.xcconfig; path = "Pods/Target Support Files/Pods/Pods.debug.xcconfig"; sourceTree = "<group>"; };
/* End PBXFileReference section */

/* Begin PBXFrameworksBuildPhase section */
		1755AF7E1CDDFF00003F659E /* Frameworks */ = {
			isa = PBXFrameworksBuildPhase;
			buildActionMask = 2147483647;
			files = (
				14A53D3059CBBFABDC858994 /* libPods.a in Frameworks */,
			);
			runOnlyForDeploymentPostprocessing = 0;
		};
/* End PBXFrameworksBuildPhase section */

/* Begin PBXGroup section */
		0DB41A56D382547D2D153153 /* Frameworks */ = {
			isa = PBXGroup;
			children = (
				7D43493A51EF2190C0804633 /* libPods.a */,
			);
			name = Frameworks;
			sourceTree = "<group>";
		};
		1755AF781CDDFF00003F659E = {
			isa = PBXGroup;
			children = (
				1755AF831CDDFF00003F659E /* News */,
				1755AF821CDDFF00003F659E /* Products */,
				AA64067CF2EC9CA6A3DC1457 /* Pods */,
				0DB41A56D382547D2D153153 /* Frameworks */,
			);
			sourceTree = "<group>";
		};
		1755AF821CDDFF00003F659E /* Products */ = {
			isa = PBXGroup;
			children = (
				1755AF811CDDFF00003F659E /* News.app */,
			);
			name = Products;
			sourceTree = "<group>";
		};
		1755AF831CDDFF00003F659E /* News */ = {
			isa = PBXGroup;
			children = (
				1755AF871CDDFF00003F659E /* AppDelegate.h */,
				1755AF881CDDFF00003F659E /* AppDelegate.m */,
				1755AF8A1CDDFF00003F659E /* ViewController.h */,
				1755AF8B1CDDFF00003F659E /* ViewController.m */,
				1755AF8D1CDDFF00003F659E /* Main.storyboard */,
				1755AF931CDDFF00003F659E /* Assets.xcassets */,
				1755AF951CDDFF00003F659E /* LaunchScreen.storyboard */,
				1755AF981CDDFF00003F659E /* Info.plist */,
				1755AF901CDDFF00003F659E /* News.xcdatamodeld */,
				1755AF841CDDFF00003F659E /* Supporting Files */,
			);
			path = News;
			sourceTree = "<group>";
		};
		1755AF841CDDFF00003F659E /* Supporting Files */ = {
			isa = PBXGroup;
			children = (
				1755AF851CDDFF00003F659E /* main.m */,
			);
			name = "Supporting Files";
			sourceTree = "<group>";
		};
		AA64067CF2EC9CA6A3DC1457 /* Pods */ = {
			isa = PBXGroup;
			children = (
				9BB6CF7DEF67762CC6EEE151 /* Pods.debug.xcconfig */,
				0227BFBEE3F2370F7E559C3D /* Pods.release.xcconfig */,
			);
			name = Pods;
			sourceTree = "<group>";
		};
/* End PBXGroup section */

/* Begin PBXNativeTarget section */
		1755AF801CDDFF00003F659E /* News */ = {
			isa = PBXNativeTarget;
			buildConfigurationList = 1755AF9B1CDDFF00003F659E /* Build configuration list for PBXNativeTarget "News" */;
			buildPhases = (
				AD58855F806D9471FBB0BDBA /* Check Pods Manifest.lock */,
				1755AF7D1CDDFF00003F659E /* Sources */,
				1755AF7E1CDDFF00003F659E /* Frameworks */,
				1755AF7F1CDDFF00003F659E /* Resources */,
				F11BA8AEC7C735DF417F403F /* Embed Pods Frameworks */,
				961E597D068E4EAFE08C4521 /* Copy Pods Resources */,
			);
			buildRules = (
			);
			dependencies = (
			);
			name = News;
			productName = News;
			productReference = 1755AF811CDDFF00003F659E /* News.app */;
			productType = "com.apple.product-type.application";
		};
/* End PBXNativeTarget section */

/* Begin PBXProject section */
		1755AF791CDDFF00003F659E /* Project object */ = {
			isa = PBXProject;
			attributes = {
				LastUpgradeCheck = 0720;
				ORGANIZATIONNAME = linxiaobin;
				TargetAttributes = {
					1755AF801CDDFF00003F659E = {
						CreatedOnToolsVersion = 7.2.1;
					};
				};
			};
			buildConfigurationList = 1755AF7C1CDDFF00003F659E /* Build configuration list for PBXProject "News" */;
			compatibilityVersion = "Xcode 3.2";
			developmentRegion = English;
			hasScannedForEncodings = 0;
			knownRegions = (
				en,
				Base,
			);
			mainGroup = 1755AF781CDDFF00003F659E;
			productRefGroup = 1755AF821CDDFF00003F659E /* Products */;
			projectDirPath = "";
			projectRoot = "";
			targets = (
				1755AF801CDDFF00003F659E /* News */,
			);
		};
/* End PBXProject section */

/* Begin PBXResourcesBuildPhase section */
		1755AF7F1CDDFF00003F659E /* Resources */ = {
			isa = PBXResourcesBuildPhase;
			buildActionMask = 2147483647;
			files = (
				1755AF971CDDFF00003F659E /* LaunchScreen.storyboard in Resources */,
				1755AF941CDDFF00003F659E /* Assets.xcassets in Resources */,
				1755AF8F1CDDFF00003F659E /* Main.storyboard in Resources */,
			);
			runOnlyForDeploymentPostprocessing = 0;
		};
/* End PBXResourcesBuildPhase section */

/* Begin PBXShellScriptBuildPhase section */
		961E597D068E4EAFE08C4521 /* Copy Pods Resources */ = {
			isa = PBXShellScriptBuildPhase;
			buildActionMask = 2147483647;
			files = (
			);
			inputPaths = (
			);
			name = "Copy Pods Resources";
			outputPaths = (
			);
			runOnlyForDeploymentPostprocessing = 0;
			shellPath = /bin/sh;
			shellScript = "\"${SRCROOT}/Pods/Target Support Files/Pods/Pods-resources.sh\"\n";
			showEnvVarsInLog = 0;
		};
		AD58855F806D9471FBB0BDBA /* Check Pods Manifest.lock */ = {
			isa = PBXShellScriptBuildPhase;
			buildActionMask = 2147483647;
			files = (
			);
			inputPaths = (
			);
			name = "Check Pods Manifest.lock";
			outputPaths = (
			);
			runOnlyForDeploymentPostprocessing = 0;
			shellPath = /bin/sh;
			shellScript = "diff \"${PODS_ROOT}/../Podfile.lock\" \"${PODS_ROOT}/Manifest.lock\" > /dev/null\nif [[ $? != 0 ]] ; then\n    cat << EOM\nerror: The sandbox is not in sync with the Podfile.lock. Run 'pod install' or update your CocoaPods installation.\nEOM\n    exit 1\nfi\n";
			showEnvVarsInLog = 0;
		};
		F11BA8AEC7C735DF417F403F /* Embed Pods Frameworks */ = {
			isa = PBXShellScriptBuildPhase;
			buildActionMask = 2147483647;
			files = (
			);
			inputPaths = (
			);
			name = "Embed Pods Frameworks";
			outputPaths = (
			);
			runOnlyForDeploymentPostprocessing = 0;
			shellPath = /bin/sh;
			shellScript = "\"${SRCROOT}/Pods/Target Support Files/Pods/Pods-frameworks.sh\"\n";
			showEnvVarsInLog = 0;
		};
/* End PBXShellScriptBuildPhase section */

/* Begin PBXSourcesBuildPhase section */
		1755AF7D1CDDFF00003F659E /* Sources */ = {
			isa = PBXSourcesBuildPhase;
			buildActionMask = 2147483647;
			files = (
				1755AF8C1CDDFF00003F659E /* ViewController.m in Sources */,
				1755AF891CDDFF00003F659E /* AppDelegate.m in Sources */,
				1755AF921CDDFF00003F659E /* News.xcdatamodeld in Sources */,
				1755AF861CDDFF00003F659E /* main.m in Sources */,
			);
			runOnlyForDeploymentPostprocessing = 0;
		};
/* End PBXSourcesBuildPhase section */

/* Begin PBXVariantGroup section */
		1755AF8D1CDDFF00003F659E /* Main.storyboard */ = {
			isa = PBXVariantGroup;
			children = (
				1755AF8E1CDDFF00003F659E /* Base */,
			);
			name = Main.storyboard;
			sourceTree = "<group>";
		};
		1755AF951CDDFF00003F659E /* LaunchScreen.storyboard */ = {
			isa = PBXVariantGroup;
			children = (
				1755AF961CDDFF00003F659E /* Base */,
			);
			name = LaunchScreen.storyboard;
			sourceTree = "<group>";
		};
/* End PBXVariantGroup section */

/* Begin XCBuildConfiguration section */
		1755AF991CDDFF00003F659E /* Debug */ = {
			isa = XCBuildConfiguration;
			buildSettings = {
				ALWAYS_SEARCH_USER_PATHS = NO;
				CLANG_CXX_LANGUAGE_STANDARD = "gnu++0x";
				CLANG_CXX_LIBRARY = "libc++";
				CLANG_ENABLE_MODULES = YES;
				CLANG_ENABLE_OBJC_ARC = YES;
				CLANG_WARN_BOOL_CONVERSION = YES;
				CLANG_WARN_CONSTANT_CONVERSION = YES;
				CLANG_WARN_DIRECT_OBJC_ISA_USAGE = YES_ERROR;
				CLANG_WARN_EMPTY_BODY = YES;
				CLANG_WARN_ENUM_CONVERSION = YES;
				CLANG_WARN_INT_CONVERSION = YES;
				CLANG_WARN_OBJC_ROOT_CLASS = YES_ERROR;
				CLANG_WARN_UNREACHABLE_CODE = YES;
				CLANG_WARN__DUPLICATE_METHOD_MATCH = YES;
				"CODE_SIGN_IDENTITY[sdk=iphoneos*]" = "iPhone Developer";
				COPY_PHASE_STRIP = NO;
				DEBUG_INFORMATION_FORMAT = dwarf;
				ENABLE_STRICT_OBJC_MSGSEND = YES;
				ENABLE_TESTABILITY = YES;
				GCC_C_LANGUAGE_STANDARD = gnu99;
				GCC_DYNAMIC_NO_PIC = NO;
				GCC_NO_COMMON_BLOCKS = YES;
				GCC_OPTIMIZATION_LEVEL = 0;
				GCC_PREPROCESSOR_DEFINITIONS = (
					"DEBUG=1",
					"$(inherited)",
				);
				GCC_WARN_64_TO_32_BIT_CONVERSION = YES;
				GCC_WARN_ABOUT_RETURN_TYPE = YES_ERROR;
				GCC_WARN_UNDECLARED_SELECTOR = YES;
				GCC_WARN_UNINITIALIZED_AUTOS = YES_AGGRESSIVE;
				GCC_WARN_UNUSED_FUNCTION = YES;
				GCC_WARN_UNUSED_VARIABLE = YES;
				IPHONEOS_DEPLOYMENT_TARGET = 9.2;
				MTL_ENABLE_DEBUG_INFO = YES;
				ONLY_ACTIVE_ARCH = YES;
				SDKROOT = iphoneos;
			};
			name = Debug;
		};
		1755AF9A1CDDFF00003F659E /* Release */ = {
			isa = XCBuildConfiguration;
			buildSettings = {
				ALWAYS_SEARCH_USER_PATHS = NO;
				CLANG_CXX_LANGUAGE_STANDARD = "gnu++0x";
				CLANG_CXX_LIBRARY = "libc++";
				CLANG_ENABLE_MODULES = YES;
				CLANG_ENABLE_OBJC_ARC = YES;
				CLANG_WARN_BOOL_CONVERSION = YES;
				CLANG_WARN_CONSTANT_CONVERSION = YES;
				CLANG_WARN_DIRECT_OBJC_ISA_USAGE = YES_ERROR;
				CLANG_WARN_EMPTY_BODY = YES;
				CLANG_WARN_ENUM_CONVERSION = YES;
				CLANG_WARN_INT_CONVERSION = YES;
				CLANG_WARN_OBJC_ROOT_CLASS = YES_ERROR;
				CLANG_WARN_UNREACHABLE_CODE = YES;
				CLANG_WARN__DUPLICATE_METHOD_MATCH = YES;
				"CODE_SIGN_IDENTITY[sdk=iphoneos*]" = "iPhone Developer";
				COPY_PHASE_STRIP = NO;
				DEBUG_INFORMATION_FORMAT = "dwarf-with-dsym";
				ENABLE_NS_ASSERTIONS = NO;
				ENABLE_STRICT_OBJC_MSGSEND = YES;
				GCC_C_LANGUAGE_STANDARD = gnu99;
				GCC_NO_COMMON_BLOCKS = YES;
				GCC_WARN_64_TO_32_BIT_CONVERSION = YES;
				GCC_WARN_ABOUT_RETURN_TYPE = YES_ERROR;
				GCC_WARN_UNDECLARED_SELECTOR = YES;
				GCC_WARN_UNINITIALIZED_AUTOS = YES_AGGRESSIVE;
				GCC_WARN_UNUSED_FUNCTION = YES;
				GCC_WARN_UNUSED_VARIABLE = YES;
				IPHONEOS_DEPLOYMENT_TARGET = 9.2;
				MTL_ENABLE_DEBUG_INFO = NO;
				SDKROOT = iphoneos;
				VALIDATE_PRODUCT = YES;
			};
			name = Release;
		};
		1755AF9C1CDDFF00003F659E /* Debug */ = {
			isa = XCBuildConfiguration;
			baseConfigurationReference = 9BB6CF7DEF67762CC6EEE151 /* Pods.debug.xcconfig */;
			buildSettings = {
				ASSETCATALOG_COMPILER_APPICON_NAME = AppIcon;
				INFOPLIST_FILE = News/Info.plist;
				LD_RUNPATH_SEARCH_PATHS = "$(inherited) @executable_path/Frameworks";
				PRODUCT_BUNDLE_IDENTIFIER = com.linxiaobin.News;
				PRODUCT_NAME = "$(TARGET_NAME)";
			};
			name = Debug;
		};
		1755AF9D1CDDFF00003F659E /* Release */ = {
			isa = XCBuildConfiguration;
			baseConfigurationReference = 0227BFBEE3F2370F7E559C3D /* Pods.release.xcconfig */;
			buildSettings = {
				ASSETCATALOG_COMPILER_APPICON_NAME = AppIcon;
				INFOPLIST_FILE = News/Info.plist;
				LD_RUNPATH_SEARCH_PATHS = "$(inherited) @executable_path/Frameworks";
				PRODUCT_BUNDLE_IDENTIFIER = com.linxiaobin.News;
				PRODUCT_NAME = "$(TARGET_NAME)";
			};
			name = Release;
		};
/* End XCBuildConfiguration section */

/* Begin XCConfigurationList section */
		1755AF7C1CDDFF00003F659E /* Build configuration list for PBXProject "News" */ = {
			isa = XCConfigurationList;
			buildConfigurations = (
				1755AF991CDDFF00003F659E /* Debug */,
				1755AF9A1CDDFF00003F659E /* Release */,
			);
			defaultConfigurationIsVisible = 0;
			defaultConfigurationName = Release;
		};
		1755AF9B1CDDFF00003F659E /* Build configuration list for PBXNativeTarget "News" */ = {
			isa = XCConfigurationList;
			buildConfigurations = (
				1755AF9C1CDDFF00003F659E /* Debug */,
				1755AF9D1CDDFF00003F659E /* Release */,
			);
			defaultConfigurationIsVisible = 0;
			defaultConfigurationName = Release;
		};
/* End XCConfigurationList section */

/* Begin XCVersionGroup section */
		1755AF901CDDFF00003F659E /* News.xcdatamodeld */ = {
			isa = XCVersionGroup;
			children = (
				1755AF911CDDFF00003F659E /* News.xcdatamodel */,
			);
			currentVersion = 1755AF911CDDFF00003F659E /* News.xcdatamodel */;
			path = News.xcdatamodeld;
			sourceTree = "<group>";
			versionGroupType = wrapper.xcdatamodel;
		};
/* End XCVersionGroup section */
	};
	rootObject = 1755AF791CDDFF00003F659E /* Project object */;
}
